
Microsoft Visual Studio Solution File, Format Version 12.00
# Visual Studio 15
VisualStudioVersion = 15.0.27703.2000
MinimumVisualStudioVersion = 10.0.40219.1
Project("{FAE04EC0-301F-11D3-BF4B-00C04F79EFBC}") = "ConsoleApp1", "ConsoleApp1\ConsoleApp1.csproj", "{45AC67E3-6A8A-41DD-8D91-57C514AB5B33}"
EndProject
Global
	GlobalSection(SolutionConfigurationPlatforms) = preSolution
		Debug|Any CPU = Debug|Any CPU
		Release|Any CPU = Release|Any CPU
	EndGlobalSection
	GlobalSection(ProjectConfigurationPlatforms) = postSolution
		{45AC67E3-6A8A-41DD-8D91-57C514AB5B33}.Debug|Any CPU.ActiveCfg = Debug|Any CPU
		{45AC67E3-6A8A-41DD-8D91-57C514AB5B33}.Debug|Any CPU.Build.0 = Debug|Any CPU
		{45AC67E3-6A8A-41DD-8D91-57C514AB5B33}.Release|Any CPU.ActiveCfg = Release|Any CPU
		{45AC67E3-6A8A-41DD-8D91-57C514AB5B33}.Release|Any CPU.Build.0 = Release|Any CPU
	EndGlobalSection
	GlobalSection(SolutionProperties) = preSolution
		HideSolutionNode = FALSE
	EndGlobalSection
	GlobalSection(ExtensibilityGlobals) = postSolution
		SolutionGuid = {41E17462-1F76-4C9D-93FB-7BC2AA37FA89}
	EndGlobalSection
EndGlobal
